
Microsoft Visual Studio Solution File, Format Version 12.00
# Visual Studio Version 16
VisualStudioVersion = 16.0.33328.57
MinimumVisualStudioVersion = 10.0.40219.1
Project("{FAE04EC0-301F-11D3-BF4B-00C04F79EFBC}") = "CSharp5", "CSharp5\CSharp5.csproj", "{90BA3E5D-0829-4B3D-916C-A5E40DBBAB1B}"
EndProject
Global
	GlobalSection(SolutionConfigurationPlatforms) = preSolution
		Debug|Any CPU = Debug|Any CPU
		Release|Any CPU = Release|Any CPU
	EndGlobalSection
	GlobalSection(ProjectConfigurationPlatforms) = postSolution
		{90BA3E5D-0829-4B3D-916C-A5E40DBBAB1B}.Debug|Any CPU.ActiveCfg = Debug|Any CPU
		{90BA3E5D-0829-4B3D-916C-A5E40DBBAB1B}.Debug|Any CPU.Build.0 = Debug|Any CPU
		{90BA3E5D-0829-4B3D-916C-A5E40DBBAB1B}.Release|Any CPU.ActiveCfg = Release|Any CPU
		{90BA3E5D-0829-4B3D-916C-A5E40DBBAB1B}.Release|Any CPU.Build.0 = Release|Any CPU
	EndGlobalSection
	GlobalSection(SolutionProperties) = preSolution
		HideSolutionNode = FALSE
	EndGlobalSection
	GlobalSection(ExtensibilityGlobals) = postSolution
		SolutionGuid = {EC75B590-E767-4EBA-B6F6-DFDEF80ED1FB}
	EndGlobalSection
EndGlobal
